
Microsoft Visual Studio Solution File, Format Version 12.00
Project("{FAE04EC0-301F-11D3-BF4B-00C04F79EFBC}") = "Product.API", "src\Services\Product.API\Product.API.csproj", "{0A13070D-7D72-4E78-BE6D-A467B1FE848F}"
EndProject
Project("{2150E333-8FDC-42A3-9474-1A3956D46DE8}") = "Services", "Services", "{83F632BC-DA21-4A39-8926-F1CC5B98C120}"
EndProject
Project("{2150E333-8FDC-42A3-9474-1A3956D46DE8}") = "Product", "Product", "{7B954D09-FCEB-4627-9C48-60158F427C28}"
EndProject
Project("{2150E333-8FDC-42A3-9474-1A3956D46DE8}") = "Ordering", "Ordering", "{5C6E0E4B-3D7A-42D9-B6E0-0C9C2B2AE9D4}"
EndProject
Project("{2150E333-8FDC-42A3-9474-1A3956D46DE8}") = "Inventory", "Inventory", "{37C17FB5-F90E-4BE4-9E6D-D3A0CB0F01AB}"
EndProject
Project("{2150E333-8FDC-42A3-9474-1A3956D46DE8}") = "Hangfire", "Hangfire", "{C7D7B051-FCA3-4DA6-9FB2-C64BB3440A81}"
EndProject
Project("{2150E333-8FDC-42A3-9474-1A3956D46DE8}") = "Customer", "Customer", "{513E9CC8-ED66-4E12-BA6C-F5A903852FE0}"
EndProject
Project("{2150E333-8FDC-42A3-9474-1A3956D46DE8}") = "Basket", "Basket", "{C7BD62E8-9743-4680-812F-10D3B2826BC6}"
EndProject
Project("{2150E333-8FDC-42A3-9474-1A3956D46DE8}") = "BuildingBlocks", "BuildingBlocks", "{8DC09ADE-47BD-4FAA-9CFB-D6D93B0A4A81}"
EndProject
Project("{FAE04EC0-301F-11D3-BF4B-00C04F79EFBC}") = "Basket.API", "src\Services\Basket.API\Basket.API.csproj", "{86726F78-D66F-4BD4-B77F-304F25C993A1}"
EndProject
Project("{FAE04EC0-301F-11D3-BF4B-00C04F79EFBC}") = "Customer.API", "src\Services\Customer.API\Customer.API.csproj", "{4D2CC481-7944-420B-B1AA-D6B2EAAEBA73}"
EndProject
Project("{FAE04EC0-301F-11D3-BF4B-00C04F79EFBC}") = "Hangfire.API", "src\Services\Hangfire.API\Hangfire.API.csproj", "{2F82AF39-4D01-4329-9952-EF55B72F45B5}"
EndProject
Project("{FAE04EC0-301F-11D3-BF4B-00C04F79EFBC}") = "Shared", "src\BuildingBlocks\Shared\Shared.csproj", "{4839D45F-12D0-4598-BDFD-D94807EE9B72}"
EndProject
Project("{FAE04EC0-301F-11D3-BF4B-00C04F79EFBC}") = "Infrastructure", "src\BuildingBlocks\Infrastructure\Infrastructure.csproj", "{FEB5C4B7-8F65-4EFD-A544-451E1B600C18}"
EndProject
Project("{FAE04EC0-301F-11D3-BF4B-00C04F79EFBC}") = "Contracts", "src\BuildingBlocks\Contracts\Contracts.csproj", "{761455F8-E218-4A86-837E-02BAD374A357}"
EndProject
Project("{FAE04EC0-301F-11D3-BF4B-00C04F79EFBC}") = "Common.Logging", "src\BuildingBlocks\Common.Logging\Common.Logging.csproj", "{4A730515-BE21-4E83-B532-C5A7C912D1BC}"
EndProject
Project("{2150E333-8FDC-42A3-9474-1A3956D46DE8}") = "ApiGateways", "ApiGateways", "{46CCF907-F883-46E7-A24B-DAA841CB9153}"
EndProject
Project("{2150E333-8FDC-42A3-9474-1A3956D46DE8}") = "WebApps", "WebApps", "{7DD2640A-40B9-4F81-9B66-184F96044082}"
EndProject
Project("{FAE04EC0-301F-11D3-BF4B-00C04F79EFBC}") = "OcelotApiGw", "src\ApiGateways\OcelotApiGw\OcelotApiGw.csproj", "{90E74DDE-1604-4F28-9FA8-390B2F21B495}"
EndProject
Project("{FAE04EC0-301F-11D3-BF4B-00C04F79EFBC}") = "WebHealthStatus", "src\WebApps\WebHealthStatus\WebHealthStatus.csproj", "{38A1CB0F-91F7-489D-9F1A-184D9ECCC283}"
EndProject
Project("{FAE04EC0-301F-11D3-BF4B-00C04F79EFBC}") = "Inventory.Product.API", "src\Services\Inventory\Inventory.Product.API\Inventory.Product.API.csproj", "{D62184FA-8B41-40EA-BFB0-F37996376EF6}"
EndProject
Project("{FAE04EC0-301F-11D3-BF4B-00C04F79EFBC}") = "Ordering.API", "src\Services\Ordering\Ordering.API\Ordering.API.csproj", "{526408DE-94F9-4D76-8549-ACB250E792BE}"
EndProject
Project("{FAE04EC0-301F-11D3-BF4B-00C04F79EFBC}") = "Ordering.Application", "src\Services\Ordering\Ordering.Application\Ordering.Application.csproj", "{6EB77DE8-CE5D-4DC3-9FE5-63731C778F71}"
EndProject
Project("{FAE04EC0-301F-11D3-BF4B-00C04F79EFBC}") = "Ordering.Domain", "src\Services\Ordering\Ordering.Domain\Ordering.Domain.csproj", "{9AE1D571-EFFC-4A20-8F30-0D3CCD70F4F2}"
EndProject
Project("{FAE04EC0-301F-11D3-BF4B-00C04F79EFBC}") = "Ordering.Infrastructure", "src\Services\Ordering\Ordering.Infrastructure\Ordering.Infrastructure.csproj", "{6DF7C4D3-C9FC-4907-A5E9-514D916F58C7}"
EndProject
Project("{2150E333-8FDC-42A3-9474-1A3956D46DE8}") = "Solution Items", "Solution Items", "{41FED891-E205-457E-B32A-9D75400FC76B}"
	ProjectSection(SolutionItems) = preProject
		LICENSE = LICENSE
		README.md = README.md
		.gitignore = .gitignore
		.dockerignore = .dockerignore
		src\docker-compose.yml = src\docker-compose.yml
		src\docker-compose.override.yml = src\docker-compose.override.yml
	EndProjectSection
EndProject
Project("{2150E333-8FDC-42A3-9474-1A3956D46DE8}") = "src", "src", "{34B85861-6F79-40EE-99A4-ED6A699694F7}"
EndProject
Project("{2150E333-8FDC-42A3-9474-1A3956D46DE8}") = "test", "test", "{C24C0189-2E3A-4A1A-A56F-434102710515}"
EndProject
Project("{2150E333-8FDC-42A3-9474-1A3956D46DE8}") = "Common.Logging", "Common.Logging", "{5FC58D5E-ECC8-4C19-B059-A01EA3A084E6}"
EndProject
Project("{2150E333-8FDC-42A3-9474-1A3956D46DE8}") = "Contracts", "Contracts", "{5CE7F2AB-78A3-4266-9739-7EF42EAFC4FD}"
EndProject
Project("{2150E333-8FDC-42A3-9474-1A3956D46DE8}") = "EventBus", "EventBus", "{B5B43476-9168-4FFE-B133-A90091BB9194}"
EndProject
Project("{2150E333-8FDC-42A3-9474-1A3956D46DE8}") = "Infrastructure", "Infrastructure", "{A6083745-7B63-4EED-A510-E745ACD60925}"
EndProject
Project("{2150E333-8FDC-42A3-9474-1A3956D46DE8}") = "Shared", "Shared", "{2137868C-F1CE-47FE-9E0D-8E4AAF5A85E3}"
EndProject
Project("{FAE04EC0-301F-11D3-BF4B-00C04F79EFBC}") = "EventBus.Messages", "src\BuildingBlocks\EventBus\EventBus.Messages\EventBus.Messages.csproj", "{0D60F64E-811B-4BAA-8948-EB080BAF865E}"
EndProject
Project("{FAE04EC0-301F-11D3-BF4B-00C04F79EFBC}") = "EventBus.MessageComponents", "src\BuildingBlocks\EventBus\EventBus.MessageComponents\EventBus.MessageComponents.csproj", "{B111A041-66E1-48F4-A0C6-B01667C51617}"
EndProject
Project("{FAE04EC0-301F-11D3-BF4B-00C04F79EFBC}") = "Inventory.Grpc", "src\Services\Inventory\Inventory.Grpc\Inventory.Grpc.csproj", "{423D3288-D28A-43FE-BB8B-D6A4B224E606}"
EndProject
Project("{2150E333-8FDC-42A3-9474-1A3956D46DE8}") = "Saga.Orchestrator", "Saga.Orchestrator", "{A361EC03-D65C-44C0-9239-28309A659E21}"
EndProject
Project("{FAE04EC0-301F-11D3-BF4B-00C04F79EFBC}") = "Saga.Orchestrator", "src\Saga.Orchestrator\Saga.Orchestrator\Saga.Orchestrator.csproj", "{71CE4B7F-E13C-49CC-9280-79238A156C16}"
EndProject
Global
	GlobalSection(SolutionConfigurationPlatforms) = preSolution
		Debug|Any CPU = Debug|Any CPU
		Release|Any CPU = Release|Any CPU
	EndGlobalSection
	GlobalSection(ProjectConfigurationPlatforms) = postSolution
		{0A13070D-7D72-4E78-BE6D-A467B1FE848F}.Debug|Any CPU.ActiveCfg = Debug|Any CPU
		{0A13070D-7D72-4E78-BE6D-A467B1FE848F}.Debug|Any CPU.Build.0 = Debug|Any CPU
		{0A13070D-7D72-4E78-BE6D-A467B1FE848F}.Release|Any CPU.ActiveCfg = Release|Any CPU
		{0A13070D-7D72-4E78-BE6D-A467B1FE848F}.Release|Any CPU.Build.0 = Release|Any CPU
		{86726F78-D66F-4BD4-B77F-304F25C993A1}.Debug|Any CPU.ActiveCfg = Debug|Any CPU
		{86726F78-D66F-4BD4-B77F-304F25C993A1}.Debug|Any CPU.Build.0 = Debug|Any CPU
		{86726F78-D66F-4BD4-B77F-304F25C993A1}.Release|Any CPU.ActiveCfg = Release|Any CPU
		{86726F78-D66F-4BD4-B77F-304F25C993A1}.Release|Any CPU.Build.0 = Release|Any CPU
		{4D2CC481-7944-420B-B1AA-D6B2EAAEBA73}.Debug|Any CPU.ActiveCfg = Debug|Any CPU
		{4D2CC481-7944-420B-B1AA-D6B2EAAEBA73}.Debug|Any CPU.Build.0 = Debug|Any CPU
		{4D2CC481-7944-420B-B1AA-D6B2EAAEBA73}.Release|Any CPU.ActiveCfg = Release|Any CPU
		{4D2CC481-7944-420B-B1AA-D6B2EAAEBA73}.Release|Any CPU.Build.0 = Release|Any CPU
		{2F82AF39-4D01-4329-9952-EF55B72F45B5}.Debug|Any CPU.ActiveCfg = Debug|Any CPU
		{2F82AF39-4D01-4329-9952-EF55B72F45B5}.Debug|Any CPU.Build.0 = Debug|Any CPU
		{2F82AF39-4D01-4329-9952-EF55B72F45B5}.Release|Any CPU.ActiveCfg = Release|Any CPU
		{2F82AF39-4D01-4329-9952-EF55B72F45B5}.Release|Any CPU.Build.0 = Release|Any CPU
		{4839D45F-12D0-4598-BDFD-D94807EE9B72}.Debug|Any CPU.ActiveCfg = Debug|Any CPU
		{4839D45F-12D0-4598-BDFD-D94807EE9B72}.Debug|Any CPU.Build.0 = Debug|Any CPU
		{4839D45F-12D0-4598-BDFD-D94807EE9B72}.Release|Any CPU.ActiveCfg = Release|Any CPU
		{4839D45F-12D0-4598-BDFD-D94807EE9B72}.Release|Any CPU.Build.0 = Release|Any CPU
		{FEB5C4B7-8F65-4EFD-A544-451E1B600C18}.Debug|Any CPU.ActiveCfg = Debug|Any CPU
		{FEB5C4B7-8F65-4EFD-A544-451E1B600C18}.Debug|Any CPU.Build.0 = Debug|Any CPU
		{FEB5C4B7-8F65-4EFD-A544-451E1B600C18}.Release|Any CPU.ActiveCfg = Release|Any CPU
		{FEB5C4B7-8F65-4EFD-A544-451E1B600C18}.Release|Any CPU.Build.0 = Release|Any CPU
		{761455F8-E218-4A86-837E-02BAD374A357}.Debug|Any CPU.ActiveCfg = Debug|Any CPU
		{761455F8-E218-4A86-837E-02BAD374A357}.Debug|Any CPU.Build.0 = Debug|Any CPU
		{761455F8-E218-4A86-837E-02BAD374A357}.Release|Any CPU.ActiveCfg = Release|Any CPU
		{761455F8-E218-4A86-837E-02BAD374A357}.Release|Any CPU.Build.0 = Release|Any CPU
		{4A730515-BE21-4E83-B532-C5A7C912D1BC}.Debug|Any CPU.ActiveCfg = Debug|Any CPU
		{4A730515-BE21-4E83-B532-C5A7C912D1BC}.Debug|Any CPU.Build.0 = Debug|Any CPU
		{4A730515-BE21-4E83-B532-C5A7C912D1BC}.Release|Any CPU.ActiveCfg = Release|Any CPU
		{4A730515-BE21-4E83-B532-C5A7C912D1BC}.Release|Any CPU.Build.0 = Release|Any CPU
		{90E74DDE-1604-4F28-9FA8-390B2F21B495}.Debug|Any CPU.ActiveCfg = Debug|Any CPU
		{90E74DDE-1604-4F28-9FA8-390B2F21B495}.Debug|Any CPU.Build.0 = Debug|Any CPU
		{90E74DDE-1604-4F28-9FA8-390B2F21B495}.Release|Any CPU.ActiveCfg = Release|Any CPU
		{90E74DDE-1604-4F28-9FA8-390B2F21B495}.Release|Any CPU.Build.0 = Release|Any CPU
		{38A1CB0F-91F7-489D-9F1A-184D9ECCC283}.Debug|Any CPU.ActiveCfg = Debug|Any CPU
		{38A1CB0F-91F7-489D-9F1A-184D9ECCC283}.Debug|Any CPU.Build.0 = Debug|Any CPU
		{38A1CB0F-91F7-489D-9F1A-184D9ECCC283}.Release|Any CPU.ActiveCfg = Release|Any CPU
		{38A1CB0F-91F7-489D-9F1A-184D9ECCC283}.Release|Any CPU.Build.0 = Release|Any CPU
		{D62184FA-8B41-40EA-BFB0-F37996376EF6}.Debug|Any CPU.ActiveCfg = Debug|Any CPU
		{D62184FA-8B41-40EA-BFB0-F37996376EF6}.Debug|Any CPU.Build.0 = Debug|Any CPU
		{D62184FA-8B41-40EA-BFB0-F37996376EF6}.Release|Any CPU.ActiveCfg = Release|Any CPU
		{D62184FA-8B41-40EA-BFB0-F37996376EF6}.Release|Any CPU.Build.0 = Release|Any CPU
		{526408DE-94F9-4D76-8549-ACB250E792BE}.Debug|Any CPU.ActiveCfg = Debug|Any CPU
		{526408DE-94F9-4D76-8549-ACB250E792BE}.Debug|Any CPU.Build.0 = Debug|Any CPU
		{526408DE-94F9-4D76-8549-ACB250E792BE}.Release|Any CPU.ActiveCfg = Release|Any CPU
		{526408DE-94F9-4D76-8549-ACB250E792BE}.Release|Any CPU.Build.0 = Release|Any CPU
		{6EB77DE8-CE5D-4DC3-9FE5-63731C778F71}.Debug|Any CPU.ActiveCfg = Debug|Any CPU
		{6EB77DE8-CE5D-4DC3-9FE5-63731C778F71}.Debug|Any CPU.Build.0 = Debug|Any CPU
		{6EB77DE8-CE5D-4DC3-9FE5-63731C778F71}.Release|Any CPU.ActiveCfg = Release|Any CPU
		{6EB77DE8-CE5D-4DC3-9FE5-63731C778F71}.Release|Any CPU.Build.0 = Release|Any CPU
		{9AE1D571-EFFC-4A20-8F30-0D3CCD70F4F2}.Debug|Any CPU.ActiveCfg = Debug|Any CPU
		{9AE1D571-EFFC-4A20-8F30-0D3CCD70F4F2}.Debug|Any CPU.Build.0 = Debug|Any CPU
		{9AE1D571-EFFC-4A20-8F30-0D3CCD70F4F2}.Release|Any CPU.ActiveCfg = Release|Any CPU
		{9AE1D571-EFFC-4A20-8F30-0D3CCD70F4F2}.Release|Any CPU.Build.0 = Release|Any CPU
		{6DF7C4D3-C9FC-4907-A5E9-514D916F58C7}.Debug|Any CPU.ActiveCfg = Debug|Any CPU
		{6DF7C4D3-C9FC-4907-A5E9-514D916F58C7}.Debug|Any CPU.Build.0 = Debug|Any CPU
		{6DF7C4D3-C9FC-4907-A5E9-514D916F58C7}.Release|Any CPU.ActiveCfg = Release|Any CPU
		{6DF7C4D3-C9FC-4907-A5E9-514D916F58C7}.Release|Any CPU.Build.0 = Release|Any CPU
		{0D60F64E-811B-4BAA-8948-EB080BAF865E}.Debug|Any CPU.ActiveCfg = Debug|Any CPU
		{0D60F64E-811B-4BAA-8948-EB080BAF865E}.Debug|Any CPU.Build.0 = Debug|Any CPU
		{0D60F64E-811B-4BAA-8948-EB080BAF865E}.Release|Any CPU.ActiveCfg = Release|Any CPU
		{0D60F64E-811B-4BAA-8948-EB080BAF865E}.Release|Any CPU.Build.0 = Release|Any CPU
		{B111A041-66E1-48F4-A0C6-B01667C51617}.Debug|Any CPU.ActiveCfg = Debug|Any CPU
		{B111A041-66E1-48F4-A0C6-B01667C51617}.Debug|Any CPU.Build.0 = Debug|Any CPU
		{B111A041-66E1-48F4-A0C6-B01667C51617}.Release|Any CPU.ActiveCfg = Release|Any CPU
		{B111A041-66E1-48F4-A0C6-B01667C51617}.Release|Any CPU.Build.0 = Release|Any CPU
		{423D3288-D28A-43FE-BB8B-D6A4B224E606}.Debug|Any CPU.ActiveCfg = Debug|Any CPU
		{423D3288-D28A-43FE-BB8B-D6A4B224E606}.Debug|Any CPU.Build.0 = Debug|Any CPU
		{423D3288-D28A-43FE-BB8B-D6A4B224E606}.Release|Any CPU.ActiveCfg = Release|Any CPU
		{423D3288-D28A-43FE-BB8B-D6A4B224E606}.Release|Any CPU.Build.0 = Release|Any CPU
		{71CE4B7F-E13C-49CC-9280-79238A156C16}.Debug|Any CPU.ActiveCfg = Debug|Any CPU
		{71CE4B7F-E13C-49CC-9280-79238A156C16}.Debug|Any CPU.Build.0 = Debug|Any CPU
		{71CE4B7F-E13C-49CC-9280-79238A156C16}.Release|Any CPU.ActiveCfg = Release|Any CPU
		{71CE4B7F-E13C-49CC-9280-79238A156C16}.Release|Any CPU.Build.0 = Release|Any CPU
	EndGlobalSection
	GlobalSection(NestedProjects) = preSolution
		{7B954D09-FCEB-4627-9C48-60158F427C28} = {83F632BC-DA21-4A39-8926-F1CC5B98C120}
		{0A13070D-7D72-4E78-BE6D-A467B1FE848F} = {7B954D09-FCEB-4627-9C48-60158F427C28}
		{5C6E0E4B-3D7A-42D9-B6E0-0C9C2B2AE9D4} = {83F632BC-DA21-4A39-8926-F1CC5B98C120}
		{37C17FB5-F90E-4BE4-9E6D-D3A0CB0F01AB} = {83F632BC-DA21-4A39-8926-F1CC5B98C120}
		{C7D7B051-FCA3-4DA6-9FB2-C64BB3440A81} = {83F632BC-DA21-4A39-8926-F1CC5B98C120}
		{513E9CC8-ED66-4E12-BA6C-F5A903852FE0} = {83F632BC-DA21-4A39-8926-F1CC5B98C120}
		{C7BD62E8-9743-4680-812F-10D3B2826BC6} = {83F632BC-DA21-4A39-8926-F1CC5B98C120}
		{86726F78-D66F-4BD4-B77F-304F25C993A1} = {C7BD62E8-9743-4680-812F-10D3B2826BC6}
		{4D2CC481-7944-420B-B1AA-D6B2EAAEBA73} = {513E9CC8-ED66-4E12-BA6C-F5A903852FE0}
		{2F82AF39-4D01-4329-9952-EF55B72F45B5} = {C7D7B051-FCA3-4DA6-9FB2-C64BB3440A81}
		{90E74DDE-1604-4F28-9FA8-390B2F21B495} = {46CCF907-F883-46E7-A24B-DAA841CB9153}
		{38A1CB0F-91F7-489D-9F1A-184D9ECCC283} = {7DD2640A-40B9-4F81-9B66-184F96044082}
		{D62184FA-8B41-40EA-BFB0-F37996376EF6} = {37C17FB5-F90E-4BE4-9E6D-D3A0CB0F01AB}
		{526408DE-94F9-4D76-8549-ACB250E792BE} = {5C6E0E4B-3D7A-42D9-B6E0-0C9C2B2AE9D4}
		{6EB77DE8-CE5D-4DC3-9FE5-63731C778F71} = {5C6E0E4B-3D7A-42D9-B6E0-0C9C2B2AE9D4}
		{9AE1D571-EFFC-4A20-8F30-0D3CCD70F4F2} = {5C6E0E4B-3D7A-42D9-B6E0-0C9C2B2AE9D4}
		{6DF7C4D3-C9FC-4907-A5E9-514D916F58C7} = {5C6E0E4B-3D7A-42D9-B6E0-0C9C2B2AE9D4}
		{46CCF907-F883-46E7-A24B-DAA841CB9153} = {34B85861-6F79-40EE-99A4-ED6A699694F7}
		{8DC09ADE-47BD-4FAA-9CFB-D6D93B0A4A81} = {34B85861-6F79-40EE-99A4-ED6A699694F7}
		{83F632BC-DA21-4A39-8926-F1CC5B98C120} = {34B85861-6F79-40EE-99A4-ED6A699694F7}
		{7DD2640A-40B9-4F81-9B66-184F96044082} = {34B85861-6F79-40EE-99A4-ED6A699694F7}
		{5FC58D5E-ECC8-4C19-B059-A01EA3A084E6} = {8DC09ADE-47BD-4FAA-9CFB-D6D93B0A4A81}
		{5CE7F2AB-78A3-4266-9739-7EF42EAFC4FD} = {8DC09ADE-47BD-4FAA-9CFB-D6D93B0A4A81}
		{B5B43476-9168-4FFE-B133-A90091BB9194} = {8DC09ADE-47BD-4FAA-9CFB-D6D93B0A4A81}
		{A6083745-7B63-4EED-A510-E745ACD60925} = {8DC09ADE-47BD-4FAA-9CFB-D6D93B0A4A81}
		{2137868C-F1CE-47FE-9E0D-8E4AAF5A85E3} = {8DC09ADE-47BD-4FAA-9CFB-D6D93B0A4A81}
		{4839D45F-12D0-4598-BDFD-D94807EE9B72} = {2137868C-F1CE-47FE-9E0D-8E4AAF5A85E3}
		{FEB5C4B7-8F65-4EFD-A544-451E1B600C18} = {A6083745-7B63-4EED-A510-E745ACD60925}
		{0D60F64E-811B-4BAA-8948-EB080BAF865E} = {B5B43476-9168-4FFE-B133-A90091BB9194}
		{4A730515-BE21-4E83-B532-C5A7C912D1BC} = {5FC58D5E-ECC8-4C19-B059-A01EA3A084E6}
		{761455F8-E218-4A86-837E-02BAD374A357} = {5CE7F2AB-78A3-4266-9739-7EF42EAFC4FD}
		{B111A041-66E1-48F4-A0C6-B01667C51617} = {B5B43476-9168-4FFE-B133-A90091BB9194}
		{423D3288-D28A-43FE-BB8B-D6A4B224E606} = {37C17FB5-F90E-4BE4-9E6D-D3A0CB0F01AB}
		{A361EC03-D65C-44C0-9239-28309A659E21} = {34B85861-6F79-40EE-99A4-ED6A699694F7}
		{71CE4B7F-E13C-49CC-9280-79238A156C16} = {A361EC03-D65C-44C0-9239-28309A659E21}
	EndGlobalSection
EndGlobal
