
Microsoft Visual Studio Solution File, Format Version 12.00
# Visual Studio Version 16
VisualStudioVersion = 25.0.1706.14
MinimumVisualStudioVersion = 10.0.40219.1
Project("{FAE04EC0-301F-11D3-BF4B-00C04F79EFBC}") = "Inventory.Grpc", "Inventory.Grpc.csproj", "{1F6B041C-91A7-44C1-8CF5-22043F58D160}"
EndProject
Global
	GlobalSection(SolutionConfigurationPlatforms) = preSolution
		Debug|Any CPU = Debug|Any CPU
		Release|Any CPU = Release|Any CPU
	EndGlobalSection
	GlobalSection(ProjectConfigurationPlatforms) = postSolution
		{1F6B041C-91A7-44C1-8CF5-22043F58D160}.Debug|Any CPU.ActiveCfg = Debug|Any CPU
		{1F6B041C-91A7-44C1-8CF5-22043F58D160}.Debug|Any CPU.Build.0 = Debug|Any CPU
		{1F6B041C-91A7-44C1-8CF5-22043F58D160}.Release|Any CPU.ActiveCfg = Release|Any CPU
		{1F6B041C-91A7-44C1-8CF5-22043F58D160}.Release|Any CPU.Build.0 = Release|Any CPU
	EndGlobalSection
	GlobalSection(SolutionProperties) = preSolution
		HideSolutionNode = FALSE
	EndGlobalSection
	GlobalSection(ExtensibilityGlobals) = postSolution
		SolutionGuid = {3161A209-ED8C-4695-809E-CFEB1904D160}
	EndGlobalSection
EndGlobal
